
Microsoft Visual Studio Solution File, Format Version 12.00
# Visual Studio Version 17
VisualStudioVersion = 17.4.33213.308
MinimumVisualStudioVersion = 10.0.40219.1
Project("{FAE04EC0-301F-11D3-BF4B-00C04F79EFBC}") = "Demo", "Demo\Demo.csproj", "{3FCCC95F-2C3A-4993-9AB4-F4180B79F0C3}"
EndProject
Global
	GlobalSection(SolutionConfigurationPlatforms) = preSolution
		Debug|Any CPU = Debug|Any CPU
		Release|Any CPU = Release|Any CPU
	EndGlobalSection
	GlobalSection(ProjectConfigurationPlatforms) = postSolution
		{3FCCC95F-2C3A-4993-9AB4-F4180B79F0C3}.Debug|Any CPU.ActiveCfg = Debug|Any CPU
		{3FCCC95F-2C3A-4993-9AB4-F4180B79F0C3}.Debug|Any CPU.Build.0 = Debug|Any CPU
		{3FCCC95F-2C3A-4993-9AB4-F4180B79F0C3}.Release|Any CPU.ActiveCfg = Release|Any CPU
		{3FCCC95F-2C3A-4993-9AB4-F4180B79F0C3}.Release|Any CPU.Build.0 = Release|Any CPU
	EndGlobalSection
	GlobalSection(SolutionProperties) = preSolution
		HideSolutionNode = FALSE
	EndGlobalSection
	GlobalSection(ExtensibilityGlobals) = postSolution
		SolutionGuid = {D00D21C1-EF83-441A-BCF6-6B86D54AC040}
	EndGlobalSection
EndGlobal
